
Microsoft Visual Studio Solution File, Format Version 12.00
# Visual Studio 15
VisualStudioVersion = 15.0.27703.2018
MinimumVisualStudioVersion = 10.0.40219.1
Project("{FAE04EC0-301F-11D3-BF4B-00C04F79EFBC}") = "数据结构辅助教学", "数据结构辅助教学\数据结构辅助教学.csproj", "{887FAF4B-7EC2-4FEA-AC7E-69BE6B25E034}"
EndProject
Project("{FAE04EC0-301F-11D3-BF4B-00C04F79EFBC}") = "命令", "命令\命令.csproj", "{CC16E50A-F2EB-4585-A51A-331315A8021C}"
EndProject
Project("{FAE04EC0-301F-11D3-BF4B-00C04F79EFBC}") = "图元", "图元\图元.csproj", "{859CF5F5-6341-47A6-BD8D-1D8C1B3B9C86}"
EndProject
Project("{FAE04EC0-301F-11D3-BF4B-00C04F79EFBC}") = "测试", "测试\测试.csproj", "{4DC72EF5-36C5-494E-B65A-0EFC354D8F57}"
EndProject
Global
	GlobalSection(SolutionConfigurationPlatforms) = preSolution
		Debug|Any CPU = Debug|Any CPU
		Release|Any CPU = Release|Any CPU
	EndGlobalSection
	GlobalSection(ProjectConfigurationPlatforms) = postSolution
		{887FAF4B-7EC2-4FEA-AC7E-69BE6B25E034}.Debug|Any CPU.ActiveCfg = Debug|Any CPU
		{887FAF4B-7EC2-4FEA-AC7E-69BE6B25E034}.Debug|Any CPU.Build.0 = Debug|Any CPU
		{887FAF4B-7EC2-4FEA-AC7E-69BE6B25E034}.Release|Any CPU.ActiveCfg = Release|Any CPU
		{887FAF4B-7EC2-4FEA-AC7E-69BE6B25E034}.Release|Any CPU.Build.0 = Release|Any CPU
		{CC16E50A-F2EB-4585-A51A-331315A8021C}.Debug|Any CPU.ActiveCfg = Debug|Any CPU
		{CC16E50A-F2EB-4585-A51A-331315A8021C}.Debug|Any CPU.Build.0 = Debug|Any CPU
		{CC16E50A-F2EB-4585-A51A-331315A8021C}.Release|Any CPU.ActiveCfg = Release|Any CPU
		{CC16E50A-F2EB-4585-A51A-331315A8021C}.Release|Any CPU.Build.0 = Release|Any CPU
		{859CF5F5-6341-47A6-BD8D-1D8C1B3B9C86}.Debug|Any CPU.ActiveCfg = Debug|Any CPU
		{859CF5F5-6341-47A6-BD8D-1D8C1B3B9C86}.Debug|Any CPU.Build.0 = Debug|Any CPU
		{859CF5F5-6341-47A6-BD8D-1D8C1B3B9C86}.Release|Any CPU.ActiveCfg = Release|Any CPU
		{859CF5F5-6341-47A6-BD8D-1D8C1B3B9C86}.Release|Any CPU.Build.0 = Release|Any CPU
		{4DC72EF5-36C5-494E-B65A-0EFC354D8F57}.Debug|Any CPU.ActiveCfg = Debug|Any CPU
		{4DC72EF5-36C5-494E-B65A-0EFC354D8F57}.Debug|Any CPU.Build.0 = Debug|Any CPU
		{4DC72EF5-36C5-494E-B65A-0EFC354D8F57}.Release|Any CPU.ActiveCfg = Release|Any CPU
		{4DC72EF5-36C5-494E-B65A-0EFC354D8F57}.Release|Any CPU.Build.0 = Release|Any CPU
	EndGlobalSection
	GlobalSection(SolutionProperties) = preSolution
		HideSolutionNode = FALSE
	EndGlobalSection
	GlobalSection(ExtensibilityGlobals) = postSolution
		SolutionGuid = {1637D706-7A4E-4B99-915A-77D918EE7277}
	EndGlobalSection
EndGlobal
